
Microsoft Visual Studio Solution File, Format Version 12.00
# Visual Studio Version 16
VisualStudioVersion = 16.0.29021.104
MinimumVisualStudioVersion = 15.0.26124.0
Project("{9A19103F-16F7-4668-BE54-9A1E7A4F7556}") = "Geohash", "src\Geohash.csproj", "{B60851A6-525F-4B61-B197-815678E3C73F}"
EndProject
Project("{2150E333-8FDC-42A3-9474-1A3956D46DE8}") = "src", "src", "{C48DD20E-18BC-47DE-993C-6C7133780E53}"
EndProject
Project("{2150E333-8FDC-42A3-9474-1A3956D46DE8}") = "tests", "tests", "{21BAECFA-E9AA-4B85-84EF-802E4F632F50}"
EndProject
Project("{9A19103F-16F7-4668-BE54-9A1E7A4F7556}") = "Geohash.Tests", "tests\Geohash.Tests.csproj", "{03A0BC9B-671D-4C85-B1C0-9712D98A08B6}"
EndProject
Global
	GlobalSection(SolutionConfigurationPlatforms) = preSolution
		Debug|Any CPU = Debug|Any CPU
		Debug|x64 = Debug|x64
		Debug|x86 = Debug|x86
		Release|Any CPU = Release|Any CPU
		Release|x64 = Release|x64
		Release|x86 = Release|x86
	EndGlobalSection
	GlobalSection(ProjectConfigurationPlatforms) = postSolution
		{B60851A6-525F-4B61-B197-815678E3C73F}.Debug|Any CPU.ActiveCfg = Debug|Any CPU
		{B60851A6-525F-4B61-B197-815678E3C73F}.Debug|Any CPU.Build.0 = Debug|Any CPU
		{B60851A6-525F-4B61-B197-815678E3C73F}.Debug|x64.ActiveCfg = Debug|Any CPU
		{B60851A6-525F-4B61-B197-815678E3C73F}.Debug|x64.Build.0 = Debug|Any CPU
		{B60851A6-525F-4B61-B197-815678E3C73F}.Debug|x86.ActiveCfg = Debug|Any CPU
		{B60851A6-525F-4B61-B197-815678E3C73F}.Debug|x86.Build.0 = Debug|Any CPU
		{B60851A6-525F-4B61-B197-815678E3C73F}.Release|Any CPU.ActiveCfg = Release|Any CPU
		{B60851A6-525F-4B61-B197-815678E3C73F}.Release|Any CPU.Build.0 = Release|Any CPU
		{B60851A6-525F-4B61-B197-815678E3C73F}.Release|x64.ActiveCfg = Release|Any CPU
		{B60851A6-525F-4B61-B197-815678E3C73F}.Release|x64.Build.0 = Release|Any CPU
		{B60851A6-525F-4B61-B197-815678E3C73F}.Release|x86.ActiveCfg = Release|Any CPU
		{B60851A6-525F-4B61-B197-815678E3C73F}.Release|x86.Build.0 = Release|Any CPU
		{03A0BC9B-671D-4C85-B1C0-9712D98A08B6}.Debug|Any CPU.ActiveCfg = Debug|Any CPU
		{03A0BC9B-671D-4C85-B1C0-9712D98A08B6}.Debug|Any CPU.Build.0 = Debug|Any CPU
		{03A0BC9B-671D-4C85-B1C0-9712D98A08B6}.Debug|x64.ActiveCfg = Debug|Any CPU
		{03A0BC9B-671D-4C85-B1C0-9712D98A08B6}.Debug|x64.Build.0 = Debug|Any CPU
		{03A0BC9B-671D-4C85-B1C0-9712D98A08B6}.Debug|x86.ActiveCfg = Debug|Any CPU
		{03A0BC9B-671D-4C85-B1C0-9712D98A08B6}.Debug|x86.Build.0 = Debug|Any CPU
		{03A0BC9B-671D-4C85-B1C0-9712D98A08B6}.Release|Any CPU.ActiveCfg = Release|Any CPU
		{03A0BC9B-671D-4C85-B1C0-9712D98A08B6}.Release|Any CPU.Build.0 = Release|Any CPU
		{03A0BC9B-671D-4C85-B1C0-9712D98A08B6}.Release|x64.ActiveCfg = Release|Any CPU
		{03A0BC9B-671D-4C85-B1C0-9712D98A08B6}.Release|x64.Build.0 = Release|Any CPU
		{03A0BC9B-671D-4C85-B1C0-9712D98A08B6}.Release|x86.ActiveCfg = Release|Any CPU
		{03A0BC9B-671D-4C85-B1C0-9712D98A08B6}.Release|x86.Build.0 = Release|Any CPU
	EndGlobalSection
	GlobalSection(SolutionProperties) = preSolution
		HideSolutionNode = FALSE
	EndGlobalSection
	GlobalSection(NestedProjects) = preSolution
		{B60851A6-525F-4B61-B197-815678E3C73F} = {C48DD20E-18BC-47DE-993C-6C7133780E53}
		{03A0BC9B-671D-4C85-B1C0-9712D98A08B6} = {21BAECFA-E9AA-4B85-84EF-802E4F632F50}
	EndGlobalSection
	GlobalSection(ExtensibilityGlobals) = postSolution
		SolutionGuid = {8621C585-99F6-41A2-86C9-BCB0A73609FC}
	EndGlobalSection
EndGlobal
